// !$*UTF8*$!
{
	archiveVersion = 1;
	classes = {
	};
	objectVersion = 50;
	objects = {

/* Begin PBXBuildFile section */
		9B18B4B920B662100044F5FF /* Activity.swift in Sources */ = {isa = PBXBuildFile; fileRef = 9B18B4B820B662100044F5FF /* Activity.swift */; };
		9B18B4BB20B6623E0044F5FF /* LocationProvider.swift in Sources */ = {isa = PBXBuildFile; fileRef = 9B18B4BA20B6623E0044F5FF /* LocationProvider.swift */; };
		9B18B4BD20B668380044F5FF /* ProgressViewController.swift in Sources */ = {isa = PBXBuildFile; fileRef = 9B18B4BC20B668380044F5FF /* ProgressViewController.swift */; };
		9B19C5A122C852BC0091F069 /* OFL.txt in Resources */ = {isa = PBXBuildFile; fileRef = 9B19C59922C852BC0091F069 /* OFL.txt */; };
		9B19C5A222C852BC0091F069 /* Anonymous Pro B.ttf in Resources */ = {isa = PBXBuildFile; fileRef = 9B19C59A22C852BC0091F069 /* Anonymous Pro B.ttf */; };
		9B19C5A322C852BC0091F069 /* Anonymous Pro BI.ttf in Resources */ = {isa = PBXBuildFile; fileRef = 9B19C59B22C852BC0091F069 /* Anonymous Pro BI.ttf */; };
		9B19C5A422C852BC0091F069 /* README.txt in Resources */ = {isa = PBXBuildFile; fileRef = 9B19C59C22C852BC0091F069 /* README.txt */; };
		9B19C5A522C852BC0091F069 /* FONTLOG.txt in Resources */ = {isa = PBXBuildFile; fileRef = 9B19C59D22C852BC0091F069 /* FONTLOG.txt */; };
		9B19C5A622C852BC0091F069 /* OFL-FAQ.txt in Resources */ = {isa = PBXBuildFile; fileRef = 9B19C59E22C852BC0091F069 /* OFL-FAQ.txt */; };
		9B19C5A722C852BC0091F069 /* Anonymous Pro.ttf in Resources */ = {isa = PBXBuildFile; fileRef = 9B19C59F22C852BC0091F069 /* Anonymous Pro.ttf */; };
		9B19C5A822C852BC0091F069 /* Anonymous Pro I.ttf in Resources */ = {isa = PBXBuildFile; fileRef = 9B19C5A022C852BC0091F069 /* Anonymous Pro I.ttf */; };
		9B3DA48820B87B2E005BE241 /* UITheme.swift in Sources */ = {isa = PBXBuildFile; fileRef = 9B3DA48720B87B2E005BE241 /* UITheme.swift */; };
		9B6CDF7A20B79E9A00EAC513 /* HistoryViewController.swift in Sources */ = {isa = PBXBuildFile; fileRef = 9B6CDF7920B79E9A00EAC513 /* HistoryViewController.swift */; };
		9BA2433020B64A5C00C6BD83 /* AppDelegate.swift in Sources */ = {isa = PBXBuildFile; fileRef = 9BA2432F20B64A5B00C6BD83 /* AppDelegate.swift */; };
		9BA2433720B64A5C00C6BD83 /* Main.storyboard in Resources */ = {isa = PBXBuildFile; fileRef = 9BA2433520B64A5C00C6BD83 /* Main.storyboard */; };
		9BA2433920B64A5D00C6BD83 /* Assets.xcassets in Resources */ = {isa = PBXBuildFile; fileRef = 9BA2433820B64A5D00C6BD83 /* Assets.xcassets */; };
		9BA2433C20B64A5D00C6BD83 /* LaunchScreen.storyboard in Resources */ = {isa = PBXBuildFile; fileRef = 9BA2433A20B64A5D00C6BD83 /* LaunchScreen.storyboard */; };
		9BA2434720B64A5D00C6BD83 /* openrunTests.swift in Sources */ = {isa = PBXBuildFile; fileRef = 9BA2434620B64A5D00C6BD83 /* openrunTests.swift */; };
		9BA2435220B64CBC00C6BD83 /* Controllers.swift in Sources */ = {isa = PBXBuildFile; fileRef = 9BA2435120B64CBC00C6BD83 /* Controllers.swift */; };
		9BA2435620B64EE000C6BD83 /* NewActivityViewController.swift in Sources */ = {isa = PBXBuildFile; fileRef = 9BA2435520B64EE000C6BD83 /* NewActivityViewController.swift */; };
		9BA2435820B6507400C6BD83 /* UIColor.swift in Sources */ = {isa = PBXBuildFile; fileRef = 9BA2435720B6507400C6BD83 /* UIColor.swift */; };
		9BA2435A20B6513500C6BD83 /* SolidButton.swift in Sources */ = {isa = PBXBuildFile; fileRef = 9BA2435920B6513500C6BD83 /* SolidButton.swift */; };
		9BA2435C20B654DB00C6BD83 /* ActivityCollectionViewCell.swift in Sources */ = {isa = PBXBuildFile; fileRef = 9BA2435B20B654DB00C6BD83 /* ActivityCollectionViewCell.swift */; };
		9BA2436020B655F500C6BD83 /* ActivityDataSource.swift in Sources */ = {isa = PBXBuildFile; fileRef = 9BA2435F20B655F500C6BD83 /* ActivityDataSource.swift */; };
		9BC32DD122C84E5D0090E924 /* about.md in Resources */ = {isa = PBXBuildFile; fileRef = 9BC32DD022C84E5D0090E924 /* about.md */; };
/* End PBXBuildFile section */

/* Begin PBXContainerItemProxy section */
		9BA2434320B64A5D00C6BD83 /* PBXContainerItemProxy */ = {
			isa = PBXContainerItemProxy;
			containerPortal = 9BA2432420B64A5B00C6BD83 /* Project object */;
			proxyType = 1;
			remoteGlobalIDString = 9BA2432B20B64A5B00C6BD83;
			remoteInfo = openrun;
		};
/* End PBXContainerItemProxy section */

/* Begin PBXFileReference section */
		9B18B4B820B662100044F5FF /* Activity.swift */ = {isa = PBXFileReference; lastKnownFileType = sourcecode.swift; path = Activity.swift; sourceTree = "<group>"; };
		9B18B4BA20B6623E0044F5FF /* LocationProvider.swift */ = {isa = PBXFileReference; lastKnownFileType = sourcecode.swift; path = LocationProvider.swift; sourceTree = "<group>"; };
		9B18B4BC20B668380044F5FF /* ProgressViewController.swift */ = {isa = PBXFileReference; lastKnownFileType = sourcecode.swift; path = ProgressViewController.swift; sourceTree = "<group>"; };
		9B19C59922C852BC0091F069 /* OFL.txt */ = {isa = PBXFileReference; fileEncoding = 4; lastKnownFileType = text; path = OFL.txt; sourceTree = "<group>"; };
		9B19C59A22C852BC0091F069 /* Anonymous Pro B.ttf */ = {isa = PBXFileReference; lastKnownFileType = file; path = "Anonymous Pro B.ttf"; sourceTree = "<group>"; };
		9B19C59B22C852BC0091F069 /* Anonymous Pro BI.ttf */ = {isa = PBXFileReference; lastKnownFileType = file; path = "Anonymous Pro BI.ttf"; sourceTree = "<group>"; };
		9B19C59C22C852BC0091F069 /* README.txt */ = {isa = PBXFileReference; fileEncoding = 4; lastKnownFileType = text; path = README.txt; sourceTree = "<group>"; };
		9B19C59D22C852BC0091F069 /* FONTLOG.txt */ = {isa = PBXFileReference; fileEncoding = 4; lastKnownFileType = text; path = FONTLOG.txt; sourceTree = "<group>"; };
		9B19C59E22C852BC0091F069 /* OFL-FAQ.txt */ = {isa = PBXFileReference; fileEncoding = 4; lastKnownFileType = text; path = "OFL-FAQ.txt"; sourceTree = "<group>"; };
		9B19C59F22C852BC0091F069 /* Anonymous Pro.ttf */ = {isa = PBXFileReference; lastKnownFileType = file; path = "Anonymous Pro.ttf"; sourceTree = "<group>"; };
		9B19C5A022C852BC0091F069 /* Anonymous Pro I.ttf */ = {isa = PBXFileReference; lastKnownFileType = file; path = "Anonymous Pro I.ttf"; sourceTree = "<group>"; };
		9B3DA48720B87B2E005BE241 /* UITheme.swift */ = {isa = PBXFileReference; lastKnownFileType = sourcecode.swift; path = UITheme.swift; sourceTree = "<group>"; };
		9B6CDF7920B79E9A00EAC513 /* HistoryViewController.swift */ = {isa = PBXFileReference; lastKnownFileType = sourcecode.swift; path = HistoryViewController.swift; sourceTree = "<group>"; };
		9BA2432C20B64A5B00C6BD83 /* openrun.app */ = {isa = PBXFileReference; explicitFileType = wrapper.application; includeInIndex = 0; path = openrun.app; sourceTree = BUILT_PRODUCTS_DIR; };
		9BA2432F20B64A5B00C6BD83 /* AppDelegate.swift */ = {isa = PBXFileReference; lastKnownFileType = sourcecode.swift; path = AppDelegate.swift; sourceTree = "<group>"; };
		9BA2433620B64A5C00C6BD83 /* Base */ = {isa = PBXFileReference; lastKnownFileType = file.storyboard; name = Base; path = Base.lproj/Main.storyboard; sourceTree = "<group>"; };
		9BA2433820B64A5D00C6BD83 /* Assets.xcassets */ = {isa = PBXFileReference; lastKnownFileType = folder.assetcatalog; path = Assets.xcassets; sourceTree = "<group>"; };
		9BA2433B20B64A5D00C6BD83 /* Base */ = {isa = PBXFileReference; lastKnownFileType = file.storyboard; name = Base; path = Base.lproj/LaunchScreen.storyboard; sourceTree = "<group>"; };
		9BA2433D20B64A5D00C6BD83 /* Info.plist */ = {isa = PBXFileReference; lastKnownFileType = text.plist.xml; path = Info.plist; sourceTree = "<group>"; };
		9BA2434220B64A5D00C6BD83 /* openrunTests.xctest */ = {isa = PBXFileReference; explicitFileType = wrapper.cfbundle; includeInIndex = 0; path = openrunTests.xctest; sourceTree = BUILT_PRODUCTS_DIR; };
		9BA2434620B64A5D00C6BD83 /* openrunTests.swift */ = {isa = PBXFileReference; lastKnownFileType = sourcecode.swift; path = openrunTests.swift; sourceTree = "<group>"; };
		9BA2434820B64A5D00C6BD83 /* Info.plist */ = {isa = PBXFileReference; lastKnownFileType = text.plist.xml; path = Info.plist; sourceTree = "<group>"; };
		9BA2435120B64CBC00C6BD83 /* Controllers.swift */ = {isa = PBXFileReference; lastKnownFileType = sourcecode.swift; path = Controllers.swift; sourceTree = "<group>"; };
		9BA2435520B64EE000C6BD83 /* NewActivityViewController.swift */ = {isa = PBXFileReference; lastKnownFileType = sourcecode.swift; path = NewActivityViewController.swift; sourceTree = "<group>"; };
		9BA2435720B6507400C6BD83 /* UIColor.swift */ = {isa = PBXFileReference; lastKnownFileType = sourcecode.swift; path = UIColor.swift; sourceTree = "<group>"; };
		9BA2435920B6513500C6BD83 /* SolidButton.swift */ = {isa = PBXFileReference; lastKnownFileType = sourcecode.swift; path = SolidButton.swift; sourceTree = "<group>"; };
		9BA2435B20B654DB00C6BD83 /* ActivityCollectionViewCell.swift */ = {isa = PBXFileReference; lastKnownFileType = sourcecode.swift; path = ActivityCollectionViewCell.swift; sourceTree = "<group>"; };
		9BA2435F20B655F500C6BD83 /* ActivityDataSource.swift */ = {isa = PBXFileReference; lastKnownFileType = sourcecode.swift; path = ActivityDataSource.swift; sourceTree = "<group>"; };
		9BC32DD022C84E5D0090E924 /* about.md */ = {isa = PBXFileReference; lastKnownFileType = net.daringfireball.markdown; path = about.md; sourceTree = "<group>"; };
/* End PBXFileReference section */

/* Begin PBXFrameworksBuildPhase section */
		9BA2432920B64A5B00C6BD83 /* Frameworks */ = {
			isa = PBXFrameworksBuildPhase;
			buildActionMask = 2147483647;
			files = (
			);
			runOnlyForDeploymentPostprocessing = 0;
		};
		9BA2433F20B64A5D00C6BD83 /* Frameworks */ = {
			isa = PBXFrameworksBuildPhase;
			buildActionMask = 2147483647;
			files = (
			);
			runOnlyForDeploymentPostprocessing = 0;
		};
/* End PBXFrameworksBuildPhase section */

/* Begin PBXGroup section */
		9B19C59722C852A90091F069 /* fonts */ = {
			isa = PBXGroup;
			children = (
				9B19C59822C852AF0091F069 /* anonymous */,
			);
			path = fonts;
			sourceTree = "<group>";
		};
		9B19C59822C852AF0091F069 /* anonymous */ = {
			isa = PBXGroup;
			children = (
				9B19C59A22C852BC0091F069 /* Anonymous Pro B.ttf */,
				9B19C59B22C852BC0091F069 /* Anonymous Pro BI.ttf */,
				9B19C5A022C852BC0091F069 /* Anonymous Pro I.ttf */,
				9B19C59F22C852BC0091F069 /* Anonymous Pro.ttf */,
				9B19C59D22C852BC0091F069 /* FONTLOG.txt */,
				9B19C59E22C852BC0091F069 /* OFL-FAQ.txt */,
				9B19C59922C852BC0091F069 /* OFL.txt */,
				9B19C59C22C852BC0091F069 /* README.txt */,
			);
			path = anonymous;
			sourceTree = "<group>";
		};
		9BA2432320B64A5B00C6BD83 = {
			isa = PBXGroup;
			children = (
				9BA2432E20B64A5B00C6BD83 /* openrun */,
				9BA2434520B64A5D00C6BD83 /* openrunTests */,
				9BA2432D20B64A5B00C6BD83 /* Products */,
			);
			sourceTree = "<group>";
		};
		9BA2432D20B64A5B00C6BD83 /* Products */ = {
			isa = PBXGroup;
			children = (
				9BA2432C20B64A5B00C6BD83 /* openrun.app */,
				9BA2434220B64A5D00C6BD83 /* openrunTests.xctest */,
			);
			name = Products;
			sourceTree = "<group>";
		};
		9BA2432E20B64A5B00C6BD83 /* openrun */ = {
			isa = PBXGroup;
			children = (
				9B19C59722C852A90091F069 /* fonts */,
				9BA2432F20B64A5B00C6BD83 /* AppDelegate.swift */,
				9B3DA48720B87B2E005BE241 /* UITheme.swift */,
				9BA2435120B64CBC00C6BD83 /* Controllers.swift */,
				9BA2435920B6513500C6BD83 /* SolidButton.swift */,
				9BA2435520B64EE000C6BD83 /* NewActivityViewController.swift */,
				9BA2435F20B655F500C6BD83 /* ActivityDataSource.swift */,
				9B18B4B820B662100044F5FF /* Activity.swift */,
				9B18B4BA20B6623E0044F5FF /* LocationProvider.swift */,
				9B18B4BC20B668380044F5FF /* ProgressViewController.swift */,
				9BA2435B20B654DB00C6BD83 /* ActivityCollectionViewCell.swift */,
				9B6CDF7920B79E9A00EAC513 /* HistoryViewController.swift */,
				9BA2433520B64A5C00C6BD83 /* Main.storyboard */,
				9BA2433820B64A5D00C6BD83 /* Assets.xcassets */,
				9BA2433A20B64A5D00C6BD83 /* LaunchScreen.storyboard */,
				9BA2433D20B64A5D00C6BD83 /* Info.plist */,
				9BA2435720B6507400C6BD83 /* UIColor.swift */,
				9BC32DD022C84E5D0090E924 /* about.md */,
			);
			path = openrun;
			sourceTree = "<group>";
		};
		9BA2434520B64A5D00C6BD83 /* openrunTests */ = {
			isa = PBXGroup;
			children = (
				9BA2434620B64A5D00C6BD83 /* openrunTests.swift */,
				9BA2434820B64A5D00C6BD83 /* Info.plist */,
			);
			path = openrunTests;
			sourceTree = "<group>";
		};
/* End PBXGroup section */

/* Begin PBXNativeTarget section */
		9BA2432B20B64A5B00C6BD83 /* openrun */ = {
			isa = PBXNativeTarget;
			buildConfigurationList = 9BA2434B20B64A5D00C6BD83 /* Build configuration list for PBXNativeTarget "openrun" */;
			buildPhases = (
				9BA2432820B64A5B00C6BD83 /* Sources */,
				9BA2432920B64A5B00C6BD83 /* Frameworks */,
				9BA2432A20B64A5B00C6BD83 /* Resources */,
			);
			buildRules = (
			);
			dependencies = (
			);
			name = openrun;
			productName = openrun;
			productReference = 9BA2432C20B64A5B00C6BD83 /* openrun.app */;
			productType = "com.apple.product-type.application";
		};
		9BA2434120B64A5D00C6BD83 /* openrunTests */ = {
			isa = PBXNativeTarget;
			buildConfigurationList = 9BA2434E20B64A5D00C6BD83 /* Build configuration list for PBXNativeTarget "openrunTests" */;
			buildPhases = (
				9BA2433E20B64A5D00C6BD83 /* Sources */,
				9BA2433F20B64A5D00C6BD83 /* Frameworks */,
				9BA2434020B64A5D00C6BD83 /* Resources */,
			);
			buildRules = (
			);
			dependencies = (
				9BA2434420B64A5D00C6BD83 /* PBXTargetDependency */,
			);
			name = openrunTests;
			productName = openrunTests;
			productReference = 9BA2434220B64A5D00C6BD83 /* openrunTests.xctest */;
			productType = "com.apple.product-type.bundle.unit-test";
		};
/* End PBXNativeTarget section */

/* Begin PBXProject section */
		9BA2432420B64A5B00C6BD83 /* Project object */ = {
			isa = PBXProject;
			attributes = {
				LastSwiftUpdateCheck = 0930;
				LastUpgradeCheck = 0930;
				ORGANIZATIONNAME = "Richard Infante";
				TargetAttributes = {
					9BA2432B20B64A5B00C6BD83 = {
						CreatedOnToolsVersion = 9.3.1;
						SystemCapabilities = {
							com.apple.BackgroundModes = {
								enabled = 1;
							};
						};
					};
					9BA2434120B64A5D00C6BD83 = {
						CreatedOnToolsVersion = 9.3.1;
						TestTargetID = 9BA2432B20B64A5B00C6BD83;
					};
				};
			};
			buildConfigurationList = 9BA2432720B64A5B00C6BD83 /* Build configuration list for PBXProject "openrun" */;
			compatibilityVersion = "Xcode 9.3";
			developmentRegion = en;
			hasScannedForEncodings = 0;
			knownRegions = (
				en,
				Base,
			);
			mainGroup = 9BA2432320B64A5B00C6BD83;
			productRefGroup = 9BA2432D20B64A5B00C6BD83 /* Products */;
			projectDirPath = "";
			projectRoot = "";
			targets = (
				9BA2432B20B64A5B00C6BD83 /* openrun */,
				9BA2434120B64A5D00C6BD83 /* openrunTests */,
			);
		};
/* End PBXProject section */

/* Begin PBXResourcesBuildPhase section */
		9BA2432A20B64A5B00C6BD83 /* Resources */ = {
			isa = PBXResourcesBuildPhase;
			buildActionMask = 2147483647;
			files = (
				9B19C5A122C852BC0091F069 /* OFL.txt in Resources */,
				9B19C5A222C852BC0091F069 /* Anonymous Pro B.ttf in Resources */,
				9BA2433C20B64A5D00C6BD83 /* LaunchScreen.storyboard in Resources */,
				9B19C5A722C852BC0091F069 /* Anonymous Pro.ttf in Resources */,
				9BA2433920B64A5D00C6BD83 /* Assets.xcassets in Resources */,
				9BC32DD122C84E5D0090E924 /* about.md in Resources */,
				9B19C5A522C852BC0091F069 /* FONTLOG.txt in Resources */,
				9BA2433720B64A5C00C6BD83 /* Main.storyboard in Resources */,
				9B19C5A422C852BC0091F069 /* README.txt in Resources */,
				9B19C5A322C852BC0091F069 /* Anonymous Pro BI.ttf in Resources */,
				9B19C5A822C852BC0091F069 /* Anonymous Pro I.ttf in Resources */,
				9B19C5A622C852BC0091F069 /* OFL-FAQ.txt in Resources */,
			);
			runOnlyForDeploymentPostprocessing = 0;
		};
		9BA2434020B64A5D00C6BD83 /* Resources */ = {
			isa = PBXResourcesBuildPhase;
			buildActionMask = 2147483647;
			files = (
			);
			runOnlyForDeploymentPostprocessing = 0;
		};
/* End PBXResourcesBuildPhase section */

/* Begin PBXSourcesBuildPhase section */
		9BA2432820B64A5B00C6BD83 /* Sources */ = {
			isa = PBXSourcesBuildPhase;
			buildActionMask = 2147483647;
			files = (
				9BA2433020B64A5C00C6BD83 /* AppDelegate.swift in Sources */,
				9BA2435820B6507400C6BD83 /* UIColor.swift in Sources */,
				9BA2436020B655F500C6BD83 /* ActivityDataSource.swift in Sources */,
				9B18B4BB20B6623E0044F5FF /* LocationProvider.swift in Sources */,
				9BA2435C20B654DB00C6BD83 /* ActivityCollectionViewCell.swift in Sources */,
				9B6CDF7A20B79E9A00EAC513 /* HistoryViewController.swift in Sources */,
				9B18B4BD20B668380044F5FF /* ProgressViewController.swift in Sources */,
				9BA2435220B64CBC00C6BD83 /* Controllers.swift in Sources */,
				9BA2435A20B6513500C6BD83 /* SolidButton.swift in Sources */,
				9B3DA48820B87B2E005BE241 /* UITheme.swift in Sources */,
				9B18B4B920B662100044F5FF /* Activity.swift in Sources */,
				9BA2435620B64EE000C6BD83 /* NewActivityViewController.swift in Sources */,
			);
			runOnlyForDeploymentPostprocessing = 0;
		};
		9BA2433E20B64A5D00C6BD83 /* Sources */ = {
			isa = PBXSourcesBuildPhase;
			buildActionMask = 2147483647;
			files = (
				9BA2434720B64A5D00C6BD83 /* openrunTests.swift in Sources */,
			);
			runOnlyForDeploymentPostprocessing = 0;
		};
/* End PBXSourcesBuildPhase section */

/* Begin PBXTargetDependency section */
		9BA2434420B64A5D00C6BD83 /* PBXTargetDependency */ = {
			isa = PBXTargetDependency;
			target = 9BA2432B20B64A5B00C6BD83 /* openrun */;
			targetProxy = 9BA2434320B64A5D00C6BD83 /* PBXContainerItemProxy */;
		};
/* End PBXTargetDependency section */

/* Begin PBXVariantGroup section */
		9BA2433520B64A5C00C6BD83 /* Main.storyboard */ = {
			isa = PBXVariantGroup;
			children = (
				9BA2433620B64A5C00C6BD83 /* Base */,
			);
			name = Main.storyboard;
			sourceTree = "<group>";
		};
		9BA2433A20B64A5D00C6BD83 /* LaunchScreen.storyboard */ = {
			isa = PBXVariantGroup;
			children = (
				9BA2433B20B64A5D00C6BD83 /* Base */,
			);
			name = LaunchScreen.storyboard;
			sourceTree = "<group>";
		};
/* End PBXVariantGroup section */

/* Begin XCBuildConfiguration section */
		9BA2434920B64A5D00C6BD83 /* Debug */ = {
			isa = XCBuildConfiguration;
			buildSettings = {
				ALWAYS_SEARCH_USER_PATHS = NO;
				CLANG_ANALYZER_NONNULL = YES;
				CLANG_ANALYZER_NUMBER_OBJECT_CONVERSION = YES_AGGRESSIVE;
				CLANG_CXX_LANGUAGE_STANDARD = "gnu++14";
				CLANG_CXX_LIBRARY = "libc++";
				CLANG_ENABLE_MODULES = YES;
				CLANG_ENABLE_OBJC_ARC = YES;
				CLANG_ENABLE_OBJC_WEAK = YES;
				CLANG_WARN_BLOCK_CAPTURE_AUTORELEASING = YES;
				CLANG_WARN_BOOL_CONVERSION = YES;
				CLANG_WARN_COMMA = YES;
				CLANG_WARN_CONSTANT_CONVERSION = YES;
				CLANG_WARN_DEPRECATED_OBJC_IMPLEMENTATIONS = YES;
				CLANG_WARN_DIRECT_OBJC_ISA_USAGE = YES_ERROR;
				CLANG_WARN_DOCUMENTATION_COMMENTS = YES;
				CLANG_WARN_EMPTY_BODY = YES;
				CLANG_WARN_ENUM_CONVERSION = YES;
				CLANG_WARN_INFINITE_RECURSION = YES;
				CLANG_WARN_INT_CONVERSION = YES;
				CLANG_WARN_NON_LITERAL_NULL_CONVERSION = YES;
				CLANG_WARN_OBJC_IMPLICIT_RETAIN_SELF = YES;
				CLANG_WARN_OBJC_LITERAL_CONVERSION = YES;
				CLANG_WARN_OBJC_ROOT_CLASS = YES_ERROR;
				CLANG_WARN_RANGE_LOOP_ANALYSIS = YES;
				CLANG_WARN_STRICT_PROTOTYPES = YES;
				CLANG_WARN_SUSPICIOUS_MOVE = YES;
				CLANG_WARN_UNGUARDED_AVAILABILITY = YES_AGGRESSIVE;
				CLANG_WARN_UNREACHABLE_CODE = YES;
				CLANG_WARN__DUPLICATE_METHOD_MATCH = YES;
				CODE_SIGN_IDENTITY = "iPhone Developer";
				COPY_PHASE_STRIP = NO;
				DEBUG_INFORMATION_FORMAT = dwarf;
				ENABLE_STRICT_OBJC_MSGSEND = YES;
				ENABLE_TESTABILITY = YES;
				GCC_C_LANGUAGE_STANDARD = gnu11;
				GCC_DYNAMIC_NO_PIC = NO;
				GCC_NO_COMMON_BLOCKS = YES;
				GCC_OPTIMIZATION_LEVEL = 0;
				GCC_PREPROCESSOR_DEFINITIONS = (
					"DEBUG=1",
					"$(inherited)",
				);
				GCC_WARN_64_TO_32_BIT_CONVERSION = YES;
				GCC_WARN_ABOUT_RETURN_TYPE = YES_ERROR;
				GCC_WARN_UNDECLARED_SELECTOR = YES;
				GCC_WARN_UNINITIALIZED_AUTOS = YES_AGGRESSIVE;
				GCC_WARN_UNUSED_FUNCTION = YES;
				GCC_WARN_UNUSED_VARIABLE = YES;
				IPHONEOS_DEPLOYMENT_TARGET = 11.3;
				MTL_ENABLE_DEBUG_INFO = YES;
				ONLY_ACTIVE_ARCH = YES;
				SDKROOT = iphoneos;
				SWIFT_ACTIVE_COMPILATION_CONDITIONS = DEBUG;
				SWIFT_OPTIMIZATION_LEVEL = "-Onone";
			};
			name = Debug;
		};
		9BA2434A20B64A5D00C6BD83 /* Release */ = {
			isa = XCBuildConfiguration;
			buildSettings = {
				ALWAYS_SEARCH_USER_PATHS = NO;
				CLANG_ANALYZER_NONNULL = YES;
				CLANG_ANALYZER_NUMBER_OBJECT_CONVERSION = YES_AGGRESSIVE;
				CLANG_CXX_LANGUAGE_STANDARD = "gnu++14";
				CLANG_CXX_LIBRARY = "libc++";
				CLANG_ENABLE_MODULES = YES;
				CLANG_ENABLE_OBJC_ARC = YES;
				CLANG_ENABLE_OBJC_WEAK = YES;
				CLANG_WARN_BLOCK_CAPTURE_AUTORELEASING = YES;
				CLANG_WARN_BOOL_CONVERSION = YES;
				CLANG_WARN_COMMA = YES;
				CLANG_WARN_CONSTANT_CONVERSION = YES;
				CLANG_WARN_DEPRECATED_OBJC_IMPLEMENTATIONS = YES;
				CLANG_WARN_DIRECT_OBJC_ISA_USAGE = YES_ERROR;
				CLANG_WARN_DOCUMENTATION_COMMENTS = YES;
				CLANG_WARN_EMPTY_BODY = YES;
				CLANG_WARN_ENUM_CONVERSION = YES;
				CLANG_WARN_INFINITE_RECURSION = YES;
				CLANG_WARN_INT_CONVERSION = YES;
				CLANG_WARN_NON_LITERAL_NULL_CONVERSION = YES;
				CLANG_WARN_OBJC_IMPLICIT_RETAIN_SELF = YES;
				CLANG_WARN_OBJC_LITERAL_CONVERSION = YES;
				CLANG_WARN_OBJC_ROOT_CLASS = YES_ERROR;
				CLANG_WARN_RANGE_LOOP_ANALYSIS = YES;
				CLANG_WARN_STRICT_PROTOTYPES = YES;
				CLANG_WARN_SUSPICIOUS_MOVE = YES;
				CLANG_WARN_UNGUARDED_AVAILABILITY = YES_AGGRESSIVE;
				CLANG_WARN_UNREACHABLE_CODE = YES;
				CLANG_WARN__DUPLICATE_METHOD_MATCH = YES;
				CODE_SIGN_IDENTITY = "iPhone Developer";
				COPY_PHASE_STRIP = NO;
				DEBUG_INFORMATION_FORMAT = "dwarf-with-dsym";
				ENABLE_NS_ASSERTIONS = NO;
				ENABLE_STRICT_OBJC_MSGSEND = YES;
				GCC_C_LANGUAGE_STANDARD = gnu11;
				GCC_NO_COMMON_BLOCKS = YES;
				GCC_WARN_64_TO_32_BIT_CONVERSION = YES;
				GCC_WARN_ABOUT_RETURN_TYPE = YES_ERROR;
				GCC_WARN_UNDECLARED_SELECTOR = YES;
				GCC_WARN_UNINITIALIZED_AUTOS = YES_AGGRESSIVE;
				GCC_WARN_UNUSED_FUNCTION = YES;
				GCC_WARN_UNUSED_VARIABLE = YES;
				IPHONEOS_DEPLOYMENT_TARGET = 11.3;
				MTL_ENABLE_DEBUG_INFO = NO;
				SDKROOT = iphoneos;
				SWIFT_COMPILATION_MODE = wholemodule;
				SWIFT_OPTIMIZATION_LEVEL = "-O";
				VALIDATE_PRODUCT = YES;
			};
			name = Release;
		};
		9BA2434C20B64A5D00C6BD83 /* Debug */ = {
			isa = XCBuildConfiguration;
			buildSettings = {
				ASSETCATALOG_COMPILER_APPICON_NAME = AppIcon;
				CODE_SIGN_STYLE = Automatic;
				DEVELOPMENT_TEAM = 7A264T7MNQ;
				INFOPLIST_FILE = openrun/Info.plist;
				LD_RUNPATH_SEARCH_PATHS = (
					"$(inherited)",
					"@executable_path/Frameworks",
				);
				PRODUCT_BUNDLE_IDENTIFIER = com.richinfante.openrun;
				PRODUCT_NAME = "$(TARGET_NAME)";
				SWIFT_VERSION = 4.0;
				TARGETED_DEVICE_FAMILY = "1,2";
			};
			name = Debug;
		};
		9BA2434D20B64A5D00C6BD83 /* Release */ = {
			isa = XCBuildConfiguration;
			buildSettings = {
				ASSETCATALOG_COMPILER_APPICON_NAME = AppIcon;
				CODE_SIGN_STYLE = Automatic;
				DEVELOPMENT_TEAM = 7A264T7MNQ;
				INFOPLIST_FILE = openrun/Info.plist;
				LD_RUNPATH_SEARCH_PATHS = (
					"$(inherited)",
					"@executable_path/Frameworks",
				);
				PRODUCT_BUNDLE_IDENTIFIER = com.richinfante.openrun;
				PRODUCT_NAME = "$(TARGET_NAME)";
				SWIFT_VERSION = 4.0;
				TARGETED_DEVICE_FAMILY = "1,2";
			};
			name = Release;
		};
		9BA2434F20B64A5D00C6BD83 /* Debug */ = {
			isa = XCBuildConfiguration;
			buildSettings = {
				ALWAYS_EMBED_SWIFT_STANDARD_LIBRARIES = YES;
				BUNDLE_LOADER = "$(TEST_HOST)";
				CODE_SIGN_STYLE = Automatic;
				DEVELOPMENT_TEAM = 7A264T7MNQ;
				INFOPLIST_FILE = openrunTests/Info.plist;
				LD_RUNPATH_SEARCH_PATHS = (
					"$(inherited)",
					"@executable_path/Frameworks",
					"@loader_path/Frameworks",
				);
				PRODUCT_BUNDLE_IDENTIFIER = com.richinfante.openrunTests;
				PRODUCT_NAME = "$(TARGET_NAME)";
				SWIFT_VERSION = 4.0;
				TARGETED_DEVICE_FAMILY = "1,2";
				TEST_HOST = "$(BUILT_PRODUCTS_DIR)/openrun.app/openrun";
			};
			name = Debug;
		};
		9BA2435020B64A5D00C6BD83 /* Release */ = {
			isa = XCBuildConfiguration;
			buildSettings = {
				ALWAYS_EMBED_SWIFT_STANDARD_LIBRARIES = YES;
				BUNDLE_LOADER = "$(TEST_HOST)";
				CODE_SIGN_STYLE = Automatic;
				DEVELOPMENT_TEAM = 7A264T7MNQ;
				INFOPLIST_FILE = openrunTests/Info.plist;
				LD_RUNPATH_SEARCH_PATHS = (
					"$(inherited)",
					"@executable_path/Frameworks",
					"@loader_path/Frameworks",
				);
				PRODUCT_BUNDLE_IDENTIFIER = com.richinfante.openrunTests;
				PRODUCT_NAME = "$(TARGET_NAME)";
				SWIFT_VERSION = 4.0;
				TARGETED_DEVICE_FAMILY = "1,2";
				TEST_HOST = "$(BUILT_PRODUCTS_DIR)/openrun.app/openrun";
			};
			name = Release;
		};
/* End XCBuildConfiguration section */

/* Begin XCConfigurationList section */
		9BA2432720B64A5B00C6BD83 /* Build configuration list for PBXProject "openrun" */ = {
			isa = XCConfigurationList;
			buildConfigurations = (
				9BA2434920B64A5D00C6BD83 /* Debug */,
				9BA2434A20B64A5D00C6BD83 /* Release */,
			);
			defaultConfigurationIsVisible = 0;
			defaultConfigurationName = Release;
		};
		9BA2434B20B64A5D00C6BD83 /* Build configuration list for PBXNativeTarget "openrun" */ = {
			isa = XCConfigurationList;
			buildConfigurations = (
				9BA2434C20B64A5D00C6BD83 /* Debug */,
				9BA2434D20B64A5D00C6BD83 /* Release */,
			);
			defaultConfigurationIsVisible = 0;
			defaultConfigurationName = Release;
		};
		9BA2434E20B64A5D00C6BD83 /* Build configuration list for PBXNativeTarget "openrunTests" */ = {
			isa = XCConfigurationList;
			buildConfigurations = (
				9BA2434F20B64A5D00C6BD83 /* Debug */,
				9BA2435020B64A5D00C6BD83 /* Release */,
			);
			defaultConfigurationIsVisible = 0;
			defaultConfigurationName = Release;
		};
/* End XCConfigurationList section */
	};
	rootObject = 9BA2432420B64A5B00C6BD83 /* Project object */;
}
